
Microsoft Visual Studio Solution File, Format Version 12.00
# Visual Studio Version 17
VisualStudioVersion = 17.14.36623.8 d17.14
MinimumVisualStudioVersion = 10.0.40219.1
Project("{FAE04EC0-301F-11D3-BF4B-00C04F79EFBC}") = "AUTOO", "AUTOO\AUTOO.csproj", "{15E8CD21-5822-472C-874D-10BDFA879420}"
EndProject
Global
	GlobalSection(SolutionConfigurationPlatforms) = preSolution
		Debug|Any CPU = Debug|Any CPU
		Release|Any CPU = Release|Any CPU
	EndGlobalSection
	GlobalSection(ProjectConfigurationPlatforms) = postSolution
		{15E8CD21-5822-472C-874D-10BDFA879420}.Debug|Any CPU.ActiveCfg = Debug|Any CPU
		{15E8CD21-5822-472C-874D-10BDFA879420}.Debug|Any CPU.Build.0 = Debug|Any CPU
		{15E8CD21-5822-472C-874D-10BDFA879420}.Release|Any CPU.ActiveCfg = Release|Any CPU
		{15E8CD21-5822-472C-874D-10BDFA879420}.Release|Any CPU.Build.0 = Release|Any CPU
	EndGlobalSection
	GlobalSection(SolutionProperties) = preSolution
		HideSolutionNode = FALSE
	EndGlobalSection
	GlobalSection(ExtensibilityGlobals) = postSolution
		SolutionGuid = {1D94933D-04E7-473A-A559-EF4BF8F53430}
	EndGlobalSection
EndGlobal
